
Microsoft Visual Studio Solution File, Format Version 12.00
# Visual Studio 15
VisualStudioVersion = 15.0.26730.10
MinimumVisualStudioVersion = 10.0.40219.1
Project("{2150E333-8FDC-42A3-9474-1A3956D46DE8}") = "src", "src", "{3AF02A81-7A01-4481-8052-04801814E4FD}"
	ProjectSection(SolutionItems) = preProject
		README.md = README.md
	EndProjectSection
EndProject
Project("{2150E333-8FDC-42A3-9474-1A3956D46DE8}") = "4 - Domain", "4 - Domain", "{01AD2CEE-A1BE-481D-8FED-2CB8AF66AB9F}"
EndProject
Project("{2150E333-8FDC-42A3-9474-1A3956D46DE8}") = "1 - Presentation", "1 - Presentation", "{776C1A4B-C726-4E94-B90F-205F4367C446}"
EndProject
Project("{2150E333-8FDC-42A3-9474-1A3956D46DE8}") = "3 - Application", "3 - Application", "{BBDA4599-4AC8-4AF3-9824-3756E5472220}"
EndProject
Project("{2150E333-8FDC-42A3-9474-1A3956D46DE8}") = "5 - Infra", "5 - Infra", "{E967EB53-38AD-49EC-8461-E50E89960686}"
EndProject
Project("{2150E333-8FDC-42A3-9474-1A3956D46DE8}") = "5.1 - Data", "5.1 - Data", "{4ADBFFE8-B9C8-448B-8DF9-13109814A348}"
EndProject
Project("{2150E333-8FDC-42A3-9474-1A3956D46DE8}") = "5.2 -CrossCutting", "5.2 -CrossCutting", "{9B8C31AA-D7E4-4CBA-852F-38BE94BA83C8}"
EndProject
Project("{FAE04EC0-301F-11D3-BF4B-00C04F79EFBC}") = "MyWallet.Domain", "src\MyWallet.Domain\MyWallet.Domain.csproj", "{B154DD1E-0B79-48C6-A425-296BD31B0CA5}"
EndProject
Project("{FAE04EC0-301F-11D3-BF4B-00C04F79EFBC}") = "MyWallet.Domain.Tests", "src\MyWallet.Domain.Tests\MyWallet.Domain.Tests.csproj", "{2F4BE7C7-DD83-430B-8785-5E7F18CE2EA0}"
EndProject
Project("{FAE04EC0-301F-11D3-BF4B-00C04F79EFBC}") = "MyWallet.Infra.Data", "src\MyWallet.Infra.Data\MyWallet.Infra.Data.csproj", "{48584456-019A-4825-8F51-C62221D9432A}"
EndProject
Project("{FAE04EC0-301F-11D3-BF4B-00C04F79EFBC}") = "MyWallet.Application", "src\MyWallet.Application\MyWallet.Application.csproj", "{3FCB1404-EA94-4747-BA46-917DA78D822E}"
EndProject
Project("{FAE04EC0-301F-11D3-BF4B-00C04F79EFBC}") = "MyWallet.WebApi", "src\MyWallet.WebApi\MyWallet.WebApi.csproj", "{FD3D9B05-00A3-4860-BA1C-5314860D9051}"
EndProject
Project("{FAE04EC0-301F-11D3-BF4B-00C04F79EFBC}") = "MyWallet.Infra.CrossCutting.IoC", "src\MyWallet.Infra.CrossCutting.IoC\MyWallet.Infra.CrossCutting.IoC.csproj", "{2C6B5D85-8E0A-4BCD-A2EA-2EF54D49720F}"
EndProject
Global
	GlobalSection(SolutionConfigurationPlatforms) = preSolution
		Debug|Any CPU = Debug|Any CPU
		Release|Any CPU = Release|Any CPU
	EndGlobalSection
	GlobalSection(ProjectConfigurationPlatforms) = postSolution
		{B154DD1E-0B79-48C6-A425-296BD31B0CA5}.Debug|Any CPU.ActiveCfg = Debug|Any CPU
		{B154DD1E-0B79-48C6-A425-296BD31B0CA5}.Debug|Any CPU.Build.0 = Debug|Any CPU
		{B154DD1E-0B79-48C6-A425-296BD31B0CA5}.Release|Any CPU.ActiveCfg = Release|Any CPU
		{B154DD1E-0B79-48C6-A425-296BD31B0CA5}.Release|Any CPU.Build.0 = Release|Any CPU
		{2F4BE7C7-DD83-430B-8785-5E7F18CE2EA0}.Debug|Any CPU.ActiveCfg = Debug|Any CPU
		{2F4BE7C7-DD83-430B-8785-5E7F18CE2EA0}.Debug|Any CPU.Build.0 = Debug|Any CPU
		{2F4BE7C7-DD83-430B-8785-5E7F18CE2EA0}.Release|Any CPU.ActiveCfg = Release|Any CPU
		{2F4BE7C7-DD83-430B-8785-5E7F18CE2EA0}.Release|Any CPU.Build.0 = Release|Any CPU
		{48584456-019A-4825-8F51-C62221D9432A}.Debug|Any CPU.ActiveCfg = Debug|Any CPU
		{48584456-019A-4825-8F51-C62221D9432A}.Debug|Any CPU.Build.0 = Debug|Any CPU
		{48584456-019A-4825-8F51-C62221D9432A}.Release|Any CPU.ActiveCfg = Release|Any CPU
		{48584456-019A-4825-8F51-C62221D9432A}.Release|Any CPU.Build.0 = Release|Any CPU
		{3FCB1404-EA94-4747-BA46-917DA78D822E}.Debug|Any CPU.ActiveCfg = Debug|Any CPU
		{3FCB1404-EA94-4747-BA46-917DA78D822E}.Debug|Any CPU.Build.0 = Debug|Any CPU
		{3FCB1404-EA94-4747-BA46-917DA78D822E}.Release|Any CPU.ActiveCfg = Release|Any CPU
		{3FCB1404-EA94-4747-BA46-917DA78D822E}.Release|Any CPU.Build.0 = Release|Any CPU
		{FD3D9B05-00A3-4860-BA1C-5314860D9051}.Debug|Any CPU.ActiveCfg = Debug|Any CPU
		{FD3D9B05-00A3-4860-BA1C-5314860D9051}.Debug|Any CPU.Build.0 = Debug|Any CPU
		{FD3D9B05-00A3-4860-BA1C-5314860D9051}.Release|Any CPU.ActiveCfg = Release|Any CPU
		{FD3D9B05-00A3-4860-BA1C-5314860D9051}.Release|Any CPU.Build.0 = Release|Any CPU
		{2C6B5D85-8E0A-4BCD-A2EA-2EF54D49720F}.Debug|Any CPU.ActiveCfg = Debug|Any CPU
		{2C6B5D85-8E0A-4BCD-A2EA-2EF54D49720F}.Debug|Any CPU.Build.0 = Debug|Any CPU
		{2C6B5D85-8E0A-4BCD-A2EA-2EF54D49720F}.Release|Any CPU.ActiveCfg = Release|Any CPU
		{2C6B5D85-8E0A-4BCD-A2EA-2EF54D49720F}.Release|Any CPU.Build.0 = Release|Any CPU
	EndGlobalSection
	GlobalSection(SolutionProperties) = preSolution
		HideSolutionNode = FALSE
	EndGlobalSection
	GlobalSection(NestedProjects) = preSolution
		{01AD2CEE-A1BE-481D-8FED-2CB8AF66AB9F} = {3AF02A81-7A01-4481-8052-04801814E4FD}
		{776C1A4B-C726-4E94-B90F-205F4367C446} = {3AF02A81-7A01-4481-8052-04801814E4FD}
		{BBDA4599-4AC8-4AF3-9824-3756E5472220} = {3AF02A81-7A01-4481-8052-04801814E4FD}
		{E967EB53-38AD-49EC-8461-E50E89960686} = {3AF02A81-7A01-4481-8052-04801814E4FD}
		{4ADBFFE8-B9C8-448B-8DF9-13109814A348} = {E967EB53-38AD-49EC-8461-E50E89960686}
		{9B8C31AA-D7E4-4CBA-852F-38BE94BA83C8} = {E967EB53-38AD-49EC-8461-E50E89960686}
		{B154DD1E-0B79-48C6-A425-296BD31B0CA5} = {01AD2CEE-A1BE-481D-8FED-2CB8AF66AB9F}
		{2F4BE7C7-DD83-430B-8785-5E7F18CE2EA0} = {01AD2CEE-A1BE-481D-8FED-2CB8AF66AB9F}
		{48584456-019A-4825-8F51-C62221D9432A} = {4ADBFFE8-B9C8-448B-8DF9-13109814A348}
		{3FCB1404-EA94-4747-BA46-917DA78D822E} = {BBDA4599-4AC8-4AF3-9824-3756E5472220}
		{FD3D9B05-00A3-4860-BA1C-5314860D9051} = {776C1A4B-C726-4E94-B90F-205F4367C446}
		{2C6B5D85-8E0A-4BCD-A2EA-2EF54D49720F} = {9B8C31AA-D7E4-4CBA-852F-38BE94BA83C8}
	EndGlobalSection
	GlobalSection(ExtensibilityGlobals) = postSolution
		SolutionGuid = {FB8A0FA4-CBA0-4883-9F74-4D8AA9B16A1A}
	EndGlobalSection
EndGlobal
